// !$*UTF8*$!
{
	archiveVersion = 1;
	classes = {
	};
	objectVersion = 46;
	objects = {

/* Begin PBXBuildFile section */
		FB7F43941C4D37EF00DE1E89 /* main.m in Sources */ = {isa = PBXBuildFile; fileRef = FB7F43931C4D37EF00DE1E89 /* main.m */; };
		FB7F43971C4D37EF00DE1E89 /* AppDelegate.m in Sources */ = {isa = PBXBuildFile; fileRef = FB7F43961C4D37EF00DE1E89 /* AppDelegate.m */; };
		FB7F439A1C4D37EF00DE1E89 /* ViewController.m in Sources */ = {isa = PBXBuildFile; fileRef = FB7F43991C4D37EF00DE1E89 /* ViewController.m */; };
		FB7F439D1C4D37EF00DE1E89 /* Main.storyboard in Resources */ = {isa = PBXBuildFile; fileRef = FB7F439B1C4D37EF00DE1E89 /* Main.storyboard */; };
		FB7F439F1C4D37EF00DE1E89 /* Assets.xcassets in Resources */ = {isa = PBXBuildFile; fileRef = FB7F439E1C4D37EF00DE1E89 /* Assets.xcassets */; };
		FB7F43A21C4D37EF00DE1E89 /* LaunchScreen.storyboard in Resources */ = {isa = PBXBuildFile; fileRef = FB7F43A01C4D37EF00DE1E89 /* LaunchScreen.storyboard */; };
		FB7F43AD1C4D37EF00DE1E89 /* Solstice_ARTests.m in Sources */ = {isa = PBXBuildFile; fileRef = FB7F43AC1C4D37EF00DE1E89 /* Solstice_ARTests.m */; };
		FB7F43B81C4D37EF00DE1E89 /* Solstice_ARUITests.m in Sources */ = {isa = PBXBuildFile; fileRef = FB7F43B71C4D37EF00DE1E89 /* Solstice_ARUITests.m */; };
		FB7F43C71C4D3EED00DE1E89 /* libz.tbd in Frameworks */ = {isa = PBXBuildFile; fileRef = FB7F43C61C4D3EED00DE1E89 /* libz.tbd */; };
		FB7F43C91C4D3EFA00DE1E89 /* libiconv.tbd in Frameworks */ = {isa = PBXBuildFile; fileRef = FB7F43C81C4D3EFA00DE1E89 /* libiconv.tbd */; };
		FB7F43CB1C4D3F0900DE1E89 /* libc++.tbd in Frameworks */ = {isa = PBXBuildFile; fileRef = FB7F43CA1C4D3F0900DE1E89 /* libc++.tbd */; };
		FB7F43CD1C4D3F1300DE1E89 /* libxml2.tbd in Frameworks */ = {isa = PBXBuildFile; fileRef = FB7F43CC1C4D3F1300DE1E89 /* libxml2.tbd */; };
		FB7F43CF1C4D3F1A00DE1E89 /* AudioToolbox.framework in Frameworks */ = {isa = PBXBuildFile; fileRef = FB7F43CE1C4D3F1A00DE1E89 /* AudioToolbox.framework */; };
		FB7F43D11C4D3F2100DE1E89 /* AVFoundation.framework in Frameworks */ = {isa = PBXBuildFile; fileRef = FB7F43D01C4D3F2100DE1E89 /* AVFoundation.framework */; };
		FB7F43D31C4D3F2900DE1E89 /* CFNetwork.framework in Frameworks */ = {isa = PBXBuildFile; fileRef = FB7F43D21C4D3F2800DE1E89 /* CFNetwork.framework */; };
		FB7F43D51C4D3F3600DE1E89 /* CoreAudio.framework in Frameworks */ = {isa = PBXBuildFile; fileRef = FB7F43D41C4D3F3600DE1E89 /* CoreAudio.framework */; };
		FB7F43D71C4D3F3E00DE1E89 /* CoreData.framework in Frameworks */ = {isa = PBXBuildFile; fileRef = FB7F43D61C4D3F3E00DE1E89 /* CoreData.framework */; };
		FB7F43D91C4D3F4E00DE1E89 /* CoreLocation.framework in Frameworks */ = {isa = PBXBuildFile; fileRef = FB7F43D81C4D3F4E00DE1E89 /* CoreLocation.framework */; };
		FB7F43DB1C4D3F5900DE1E89 /* CoreMedia.framework in Frameworks */ = {isa = PBXBuildFile; fileRef = FB7F43DA1C4D3F5900DE1E89 /* CoreMedia.framework */; };
		FB7F43DD1C4D3F6200DE1E89 /* CoreMotion.framework in Frameworks */ = {isa = PBXBuildFile; fileRef = FB7F43DC1C4D3F6200DE1E89 /* CoreMotion.framework */; };
		FB7F43DF1C4D3F6A00DE1E89 /* CoreVideo.framework in Frameworks */ = {isa = PBXBuildFile; fileRef = FB7F43DE1C4D3F6A00DE1E89 /* CoreVideo.framework */; };
		FB7F43E11C4D3F7300DE1E89 /* CoreTelephony.framework in Frameworks */ = {isa = PBXBuildFile; fileRef = FB7F43E01C4D3F7300DE1E89 /* CoreTelephony.framework */; };
		FB7F43E31C4D3F8000DE1E89 /* CoreGraphics.framework in Frameworks */ = {isa = PBXBuildFile; fileRef = FB7F43E21C4D3F8000DE1E89 /* CoreGraphics.framework */; };
		FB7F43E51C4D3F8D00DE1E89 /* Foundation.framework in Frameworks */ = {isa = PBXBuildFile; fileRef = FB7F43E41C4D3F8D00DE1E89 /* Foundation.framework */; };
		FB7F43E71C4D3F9500DE1E89 /* MediaPlayer.framework in Frameworks */ = {isa = PBXBuildFile; fileRef = FB7F43E61C4D3F9500DE1E89 /* MediaPlayer.framework */; };
		FB7F43E91C4D3F9D00DE1E89 /* MessageUI.framework in Frameworks */ = {isa = PBXBuildFile; fileRef = FB7F43E81C4D3F9D00DE1E89 /* MessageUI.framework */; };
		FB7F43EB1C4D3FA500DE1E89 /* OpenAL.framework in Frameworks */ = {isa = PBXBuildFile; fileRef = FB7F43EA1C4D3FA500DE1E89 /* OpenAL.framework */; };
		FB7F43ED1C4D3FAE00DE1E89 /* OpenGLES.framework in Frameworks */ = {isa = PBXBuildFile; fileRef = FB7F43EC1C4D3FAE00DE1E89 /* OpenGLES.framework */; };
		FB7F43EF1C4D3FB700DE1E89 /* Security.framework in Frameworks */ = {isa = PBXBuildFile; fileRef = FB7F43EE1C4D3FB700DE1E89 /* Security.framework */; };
		FB7F43F11C4D3FBE00DE1E89 /* SystemConfiguration.framework in Frameworks */ = {isa = PBXBuildFile; fileRef = FB7F43F01C4D3FBE00DE1E89 /* SystemConfiguration.framework */; };
		FB7F43F31C4D3FC800DE1E89 /* Twitter.framework in Frameworks */ = {isa = PBXBuildFile; fileRef = FB7F43F21C4D3FC800DE1E89 /* Twitter.framework */; };
		FB7F43F51C4D3FD100DE1E89 /* QuartzCore.framework in Frameworks */ = {isa = PBXBuildFile; fileRef = FB7F43F41C4D3FD100DE1E89 /* QuartzCore.framework */; };
		FB7F43F71C4D3FD900DE1E89 /* UIKit.framework in Frameworks */ = {isa = PBXBuildFile; fileRef = FB7F43F61C4D3FD900DE1E89 /* UIKit.framework */; };
		FB7F43F91C4D3FE600DE1E89 /* AddressBook.framework in Frameworks */ = {isa = PBXBuildFile; fileRef = FB7F43F81C4D3FE600DE1E89 /* AddressBook.framework */; };
		FB7F43FB1C4D3FEF00DE1E89 /* AddressBookUI.framework in Frameworks */ = {isa = PBXBuildFile; fileRef = FB7F43FA1C4D3FEF00DE1E89 /* AddressBookUI.framework */; };
		FB7F43FD1C4D3FF800DE1E89 /* Social.framework in Frameworks */ = {isa = PBXBuildFile; fileRef = FB7F43FC1C4D3FF800DE1E89 /* Social.framework */; };
		FB7F43FF1C4D3FFF00DE1E89 /* MapKit.framework in Frameworks */ = {isa = PBXBuildFile; fileRef = FB7F43FE1C4D3FFF00DE1E89 /* MapKit.framework */; };
		FB7F44051C4D416F00DE1E89 /* LayarSDKResources.bundle in Resources */ = {isa = PBXBuildFile; fileRef = FB7F44041C4D416F00DE1E89 /* LayarSDKResources.bundle */; };
		FB7F44071C4D431200DE1E89 /* libMPOAuthMobile.a in Frameworks */ = {isa = PBXBuildFile; fileRef = FB7F44061C4D431200DE1E89 /* libMPOAuthMobile.a */; };
		FB7F44091C4D432100DE1E89 /* LayarSDK.framework in Frameworks */ = {isa = PBXBuildFile; fileRef = FB7F44081C4D432100DE1E89 /* LayarSDK.framework */; };
/* End PBXBuildFile section */

/* Begin PBXContainerItemProxy section */
		FB7F43A91C4D37EF00DE1E89 /* PBXContainerItemProxy */ = {
			isa = PBXContainerItemProxy;
			containerPortal = FB7F43871C4D37EF00DE1E89 /* Project object */;
			proxyType = 1;
			remoteGlobalIDString = FB7F438E1C4D37EF00DE1E89;
			remoteInfo = "Solstice-AR";
		};
		FB7F43B41C4D37EF00DE1E89 /* PBXContainerItemProxy */ = {
			isa = PBXContainerItemProxy;
			containerPortal = FB7F43871C4D37EF00DE1E89 /* Project object */;
			proxyType = 1;
			remoteGlobalIDString = FB7F438E1C4D37EF00DE1E89;
			remoteInfo = "Solstice-AR";
		};
/* End PBXContainerItemProxy section */

/* Begin PBXFileReference section */
		FB7F438F1C4D37EF00DE1E89 /* Solstice-AR.app */ = {isa = PBXFileReference; explicitFileType = wrapper.application; includeInIndex = 0; path = "Solstice-AR.app"; sourceTree = BUILT_PRODUCTS_DIR; };
		FB7F43931C4D37EF00DE1E89 /* main.m */ = {isa = PBXFileReference; lastKnownFileType = sourcecode.c.objc; path = main.m; sourceTree = "<group>"; };
		FB7F43951C4D37EF00DE1E89 /* AppDelegate.h */ = {isa = PBXFileReference; lastKnownFileType = sourcecode.c.h; path = AppDelegate.h; sourceTree = "<group>"; };
		FB7F43961C4D37EF00DE1E89 /* AppDelegate.m */ = {isa = PBXFileReference; lastKnownFileType = sourcecode.c.objc; path = AppDelegate.m; sourceTree = "<group>"; };
		FB7F43981C4D37EF00DE1E89 /* ViewController.h */ = {isa = PBXFileReference; lastKnownFileType = sourcecode.c.h; path = ViewController.h; sourceTree = "<group>"; };
		FB7F43991C4D37EF00DE1E89 /* ViewController.m */ = {isa = PBXFileReference; lastKnownFileType = sourcecode.c.objc; path = ViewController.m; sourceTree = "<group>"; };
		FB7F439C1C4D37EF00DE1E89 /* Base */ = {isa = PBXFileReference; lastKnownFileType = file.storyboard; name = Base; path = Base.lproj/Main.storyboard; sourceTree = "<group>"; };
		FB7F439E1C4D37EF00DE1E89 /* Assets.xcassets */ = {isa = PBXFileReference; lastKnownFileType = folder.assetcatalog; path = Assets.xcassets; sourceTree = "<group>"; };
		FB7F43A11C4D37EF00DE1E89 /* Base */ = {isa = PBXFileReference; lastKnownFileType = file.storyboard; name = Base; path = Base.lproj/LaunchScreen.storyboard; sourceTree = "<group>"; };
		FB7F43A31C4D37EF00DE1E89 /* Info.plist */ = {isa = PBXFileReference; lastKnownFileType = text.plist.xml; path = Info.plist; sourceTree = "<group>"; };
		FB7F43A81C4D37EF00DE1E89 /* Solstice-ARTests.xctest */ = {isa = PBXFileReference; explicitFileType = wrapper.cfbundle; includeInIndex = 0; path = "Solstice-ARTests.xctest"; sourceTree = BUILT_PRODUCTS_DIR; };
		FB7F43AC1C4D37EF00DE1E89 /* Solstice_ARTests.m */ = {isa = PBXFileReference; lastKnownFileType = sourcecode.c.objc; path = Solstice_ARTests.m; sourceTree = "<group>"; };
		FB7F43AE1C4D37EF00DE1E89 /* Info.plist */ = {isa = PBXFileReference; lastKnownFileType = text.plist.xml; path = Info.plist; sourceTree = "<group>"; };
		FB7F43B31C4D37EF00DE1E89 /* Solstice-ARUITests.xctest */ = {isa = PBXFileReference; explicitFileType = wrapper.cfbundle; includeInIndex = 0; path = "Solstice-ARUITests.xctest"; sourceTree = BUILT_PRODUCTS_DIR; };
		FB7F43B71C4D37EF00DE1E89 /* Solstice_ARUITests.m */ = {isa = PBXFileReference; lastKnownFileType = sourcecode.c.objc; path = Solstice_ARUITests.m; sourceTree = "<group>"; };
		FB7F43B91C4D37EF00DE1E89 /* Info.plist */ = {isa = PBXFileReference; lastKnownFileType = text.plist.xml; path = Info.plist; sourceTree = "<group>"; };
		FB7F43C61C4D3EED00DE1E89 /* libz.tbd */ = {isa = PBXFileReference; lastKnownFileType = "sourcecode.text-based-dylib-definition"; name = libz.tbd; path = usr/lib/libz.tbd; sourceTree = SDKROOT; };
		FB7F43C81C4D3EFA00DE1E89 /* libiconv.tbd */ = {isa = PBXFileReference; lastKnownFileType = "sourcecode.text-based-dylib-definition"; name = libiconv.tbd; path = usr/lib/libiconv.tbd; sourceTree = SDKROOT; };
		FB7F43CA1C4D3F0900DE1E89 /* libc++.tbd */ = {isa = PBXFileReference; lastKnownFileType = "sourcecode.text-based-dylib-definition"; name = "libc++.tbd"; path = "usr/lib/libc++.tbd"; sourceTree = SDKROOT; };
		FB7F43CC1C4D3F1300DE1E89 /* libxml2.tbd */ = {isa = PBXFileReference; lastKnownFileType = "sourcecode.text-based-dylib-definition"; name = libxml2.tbd; path = usr/lib/libxml2.tbd; sourceTree = SDKROOT; };
		FB7F43CE1C4D3F1A00DE1E89 /* AudioToolbox.framework */ = {isa = PBXFileReference; lastKnownFileType = wrapper.framework; name = AudioToolbox.framework; path = System/Library/Frameworks/AudioToolbox.framework; sourceTree = SDKROOT; };
		FB7F43D01C4D3F2100DE1E89 /* AVFoundation.framework */ = {isa = PBXFileReference; lastKnownFileType = wrapper.framework; name = AVFoundation.framework; path = System/Library/Frameworks/AVFoundation.framework; sourceTree = SDKROOT; };
		FB7F43D21C4D3F2800DE1E89 /* CFNetwork.framework */ = {isa = PBXFileReference; lastKnownFileType = wrapper.framework; name = CFNetwork.framework; path = System/Library/Frameworks/CFNetwork.framework; sourceTree = SDKROOT; };
		FB7F43D41C4D3F3600DE1E89 /* CoreAudio.framework */ = {isa = PBXFileReference; lastKnownFileType = wrapper.framework; name = CoreAudio.framework; path = System/Library/Frameworks/CoreAudio.framework; sourceTree = SDKROOT; };
		FB7F43D61C4D3F3E00DE1E89 /* CoreData.framework */ = {isa = PBXFileReference; lastKnownFileType = wrapper.framework; name = CoreData.framework; path = System/Library/Frameworks/CoreData.framework; sourceTree = SDKROOT; };
		FB7F43D81C4D3F4E00DE1E89 /* CoreLocation.framework */ = {isa = PBXFileReference; lastKnownFileType = wrapper.framework; name = CoreLocation.framework; path = System/Library/Frameworks/CoreLocation.framework; sourceTree = SDKROOT; };
		FB7F43DA1C4D3F5900DE1E89 /* CoreMedia.framework */ = {isa = PBXFileReference; lastKnownFileType = wrapper.framework; name = CoreMedia.framework; path = System/Library/Frameworks/CoreMedia.framework; sourceTree = SDKROOT; };
		FB7F43DC1C4D3F6200DE1E89 /* CoreMotion.framework */ = {isa = PBXFileReference; lastKnownFileType = wrapper.framework; name = CoreMotion.framework; path = System/Library/Frameworks/CoreMotion.framework; sourceTree = SDKROOT; };
		FB7F43DE1C4D3F6A00DE1E89 /* CoreVideo.framework */ = {isa = PBXFileReference; lastKnownFileType = wrapper.framework; name = CoreVideo.framework; path = System/Library/Frameworks/CoreVideo.framework; sourceTree = SDKROOT; };
		FB7F43E01C4D3F7300DE1E89 /* CoreTelephony.framework */ = {isa = PBXFileReference; lastKnownFileType = wrapper.framework; name = CoreTelephony.framework; path = System/Library/Frameworks/CoreTelephony.framework; sourceTree = SDKROOT; };
		FB7F43E21C4D3F8000DE1E89 /* CoreGraphics.framework */ = {isa = PBXFileReference; lastKnownFileType = wrapper.framework; name = CoreGraphics.framework; path = System/Library/Frameworks/CoreGraphics.framework; sourceTree = SDKROOT; };
		FB7F43E41C4D3F8D00DE1E89 /* Foundation.framework */ = {isa = PBXFileReference; lastKnownFileType = wrapper.framework; name = Foundation.framework; path = System/Library/Frameworks/Foundation.framework; sourceTree = SDKROOT; };
		FB7F43E61C4D3F9500DE1E89 /* MediaPlayer.framework */ = {isa = PBXFileReference; lastKnownFileType = wrapper.framework; name = MediaPlayer.framework; path = System/Library/Frameworks/MediaPlayer.framework; sourceTree = SDKROOT; };
		FB7F43E81C4D3F9D00DE1E89 /* MessageUI.framework */ = {isa = PBXFileReference; lastKnownFileType = wrapper.framework; name = MessageUI.framework; path = System/Library/Frameworks/MessageUI.framework; sourceTree = SDKROOT; };
		FB7F43EA1C4D3FA500DE1E89 /* OpenAL.framework */ = {isa = PBXFileReference; lastKnownFileType = wrapper.framework; name = OpenAL.framework; path = System/Library/Frameworks/OpenAL.framework; sourceTree = SDKROOT; };
		FB7F43EC1C4D3FAE00DE1E89 /* OpenGLES.framework */ = {isa = PBXFileReference; lastKnownFileType = wrapper.framework; name = OpenGLES.framework; path = System/Library/Frameworks/OpenGLES.framework; sourceTree = SDKROOT; };
		FB7F43EE1C4D3FB700DE1E89 /* Security.framework */ = {isa = PBXFileReference; lastKnownFileType = wrapper.framework; name = Security.framework; path = System/Library/Frameworks/Security.framework; sourceTree = SDKROOT; };
		FB7F43F01C4D3FBE00DE1E89 /* SystemConfiguration.framework */ = {isa = PBXFileReference; lastKnownFileType = wrapper.framework; name = SystemConfiguration.framework; path = System/Library/Frameworks/SystemConfiguration.framework; sourceTree = SDKROOT; };
		FB7F43F21C4D3FC800DE1E89 /* Twitter.framework */ = {isa = PBXFileReference; lastKnownFileType = wrapper.framework; name = Twitter.framework; path = System/Library/Frameworks/Twitter.framework; sourceTree = SDKROOT; };
		FB7F43F41C4D3FD100DE1E89 /* QuartzCore.framework */ = {isa = PBXFileReference; lastKnownFileType = wrapper.framework; name = QuartzCore.framework; path = System/Library/Frameworks/QuartzCore.framework; sourceTree = SDKROOT; };
		FB7F43F61C4D3FD900DE1E89 /* UIKit.framework */ = {isa = PBXFileReference; lastKnownFileType = wrapper.framework; name = UIKit.framework; path = System/Library/Frameworks/UIKit.framework; sourceTree = SDKROOT; };
		FB7F43F81C4D3FE600DE1E89 /* AddressBook.framework */ = {isa = PBXFileReference; lastKnownFileType = wrapper.framework; name = AddressBook.framework; path = System/Library/Frameworks/AddressBook.framework; sourceTree = SDKROOT; };
		FB7F43FA1C4D3FEF00DE1E89 /* AddressBookUI.framework */ = {isa = PBXFileReference; lastKnownFileType = wrapper.framework; name = AddressBookUI.framework; path = System/Library/Frameworks/AddressBookUI.framework; sourceTree = SDKROOT; };
		FB7F43FC1C4D3FF800DE1E89 /* Social.framework */ = {isa = PBXFileReference; lastKnownFileType = wrapper.framework; name = Social.framework; path = System/Library/Frameworks/Social.framework; sourceTree = SDKROOT; };
		FB7F43FE1C4D3FFF00DE1E89 /* MapKit.framework */ = {isa = PBXFileReference; lastKnownFileType = wrapper.framework; name = MapKit.framework; path = System/Library/Frameworks/MapKit.framework; sourceTree = SDKROOT; };
		FB7F44041C4D416F00DE1E89 /* LayarSDKResources.bundle */ = {isa = PBXFileReference; lastKnownFileType = "wrapper.plug-in"; name = LayarSDKResources.bundle; path = ../../../Desktop/layar_sdk_ios_8_4_0_20150227_a84d093dcf00/LayarSDK.framework/LayarSDKResources.bundle; sourceTree = "<group>"; };
		FB7F44061C4D431200DE1E89 /* libMPOAuthMobile.a */ = {isa = PBXFileReference; lastKnownFileType = archive.ar; path = libMPOAuthMobile.a; sourceTree = "<group>"; };
		FB7F44081C4D432100DE1E89 /* LayarSDK.framework */ = {isa = PBXFileReference; lastKnownFileType = wrapper.framework; path = LayarSDK.framework; sourceTree = "<group>"; };
/* End PBXFileReference section */

/* Begin PBXFrameworksBuildPhase section */
		FB7F438C1C4D37EF00DE1E89 /* Frameworks */ = {
			isa = PBXFrameworksBuildPhase;
			buildActionMask = 2147483647;
			files = (
				FB7F43FF1C4D3FFF00DE1E89 /* MapKit.framework in Frameworks */,
				FB7F43FD1C4D3FF800DE1E89 /* Social.framework in Frameworks */,
				FB7F43FB1C4D3FEF00DE1E89 /* AddressBookUI.framework in Frameworks */,
				FB7F43F91C4D3FE600DE1E89 /* AddressBook.framework in Frameworks */,
				FB7F43F71C4D3FD900DE1E89 /* UIKit.framework in Frameworks */,
				FB7F43F51C4D3FD100DE1E89 /* QuartzCore.framework in Frameworks */,
				FB7F43F31C4D3FC800DE1E89 /* Twitter.framework in Frameworks */,
				FB7F43F11C4D3FBE00DE1E89 /* SystemConfiguration.framework in Frameworks */,
				FB7F43EF1C4D3FB700DE1E89 /* Security.framework in Frameworks */,
				FB7F43ED1C4D3FAE00DE1E89 /* OpenGLES.framework in Frameworks */,
				FB7F43EB1C4D3FA500DE1E89 /* OpenAL.framework in Frameworks */,
				FB7F43E91C4D3F9D00DE1E89 /* MessageUI.framework in Frameworks */,
				FB7F44071C4D431200DE1E89 /* libMPOAuthMobile.a in Frameworks */,
				FB7F43E71C4D3F9500DE1E89 /* MediaPlayer.framework in Frameworks */,
				FB7F43E51C4D3F8D00DE1E89 /* Foundation.framework in Frameworks */,
				FB7F43E31C4D3F8000DE1E89 /* CoreGraphics.framework in Frameworks */,
				FB7F43E11C4D3F7300DE1E89 /* CoreTelephony.framework in Frameworks */,
				FB7F43DF1C4D3F6A00DE1E89 /* CoreVideo.framework in Frameworks */,
				FB7F43DD1C4D3F6200DE1E89 /* CoreMotion.framework in Frameworks */,
				FB7F43DB1C4D3F5900DE1E89 /* CoreMedia.framework in Frameworks */,
				FB7F43D91C4D3F4E00DE1E89 /* CoreLocation.framework in Frameworks */,
				FB7F43D71C4D3F3E00DE1E89 /* CoreData.framework in Frameworks */,
				FB7F44091C4D432100DE1E89 /* LayarSDK.framework in Frameworks */,
				FB7F43D51C4D3F3600DE1E89 /* CoreAudio.framework in Frameworks */,
				FB7F43D31C4D3F2900DE1E89 /* CFNetwork.framework in Frameworks */,
				FB7F43D11C4D3F2100DE1E89 /* AVFoundation.framework in Frameworks */,
				FB7F43CF1C4D3F1A00DE1E89 /* AudioToolbox.framework in Frameworks */,
				FB7F43CD1C4D3F1300DE1E89 /* libxml2.tbd in Frameworks */,
				FB7F43CB1C4D3F0900DE1E89 /* libc++.tbd in Frameworks */,
				FB7F43C91C4D3EFA00DE1E89 /* libiconv.tbd in Frameworks */,
				FB7F43C71C4D3EED00DE1E89 /* libz.tbd in Frameworks */,
			);
			runOnlyForDeploymentPostprocessing = 0;
		};
		FB7F43A51C4D37EF00DE1E89 /* Frameworks */ = {
			isa = PBXFrameworksBuildPhase;
			buildActionMask = 2147483647;
			files = (
			);
			runOnlyForDeploymentPostprocessing = 0;
		};
		FB7F43B01C4D37EF00DE1E89 /* Frameworks */ = {
			isa = PBXFrameworksBuildPhase;
			buildActionMask = 2147483647;
			files = (
			);
			runOnlyForDeploymentPostprocessing = 0;
		};
/* End PBXFrameworksBuildPhase section */

/* Begin PBXGroup section */
		FB7F43861C4D37EF00DE1E89 = {
			isa = PBXGroup;
			children = (
				FB7F43911C4D37EF00DE1E89 /* Solstice-AR */,
				FB7F43AB1C4D37EF00DE1E89 /* Solstice-ARTests */,
				FB7F43B61C4D37EF00DE1E89 /* Solstice-ARUITests */,
				FB7F43901C4D37EF00DE1E89 /* Products */,
			);
			sourceTree = "<group>";
		};
		FB7F43901C4D37EF00DE1E89 /* Products */ = {
			isa = PBXGroup;
			children = (
				FB7F438F1C4D37EF00DE1E89 /* Solstice-AR.app */,
				FB7F43A81C4D37EF00DE1E89 /* Solstice-ARTests.xctest */,
				FB7F43B31C4D37EF00DE1E89 /* Solstice-ARUITests.xctest */,
			);
			name = Products;
			sourceTree = "<group>";
		};
		FB7F43911C4D37EF00DE1E89 /* Solstice-AR */ = {
			isa = PBXGroup;
			children = (
				FB7F43951C4D37EF00DE1E89 /* AppDelegate.h */,
				FB7F43961C4D37EF00DE1E89 /* AppDelegate.m */,
				FB7F43981C4D37EF00DE1E89 /* ViewController.h */,
				FB7F43991C4D37EF00DE1E89 /* ViewController.m */,
				FB7F439B1C4D37EF00DE1E89 /* Main.storyboard */,
				FB7F439E1C4D37EF00DE1E89 /* Assets.xcassets */,
				FB7F43A01C4D37EF00DE1E89 /* LaunchScreen.storyboard */,
				FB7F43A31C4D37EF00DE1E89 /* Info.plist */,
				FB7F43C51C4D399000DE1E89 /* Frameworks */,
				FB7F43921C4D37EF00DE1E89 /* Supporting Files */,
			);
			path = "Solstice-AR";
			sourceTree = "<group>";
		};
		FB7F43921C4D37EF00DE1E89 /* Supporting Files */ = {
			isa = PBXGroup;
			children = (
				FB7F44041C4D416F00DE1E89 /* LayarSDKResources.bundle */,
				FB7F43931C4D37EF00DE1E89 /* main.m */,
			);
			name = "Supporting Files";
			sourceTree = "<group>";
		};
		FB7F43AB1C4D37EF00DE1E89 /* Solstice-ARTests */ = {
			isa = PBXGroup;
			children = (
				FB7F43AC1C4D37EF00DE1E89 /* Solstice_ARTests.m */,
				FB7F43AE1C4D37EF00DE1E89 /* Info.plist */,
			);
			path = "Solstice-ARTests";
			sourceTree = "<group>";
		};
		FB7F43B61C4D37EF00DE1E89 /* Solstice-ARUITests */ = {
			isa = PBXGroup;
			children = (
				FB7F43B71C4D37EF00DE1E89 /* Solstice_ARUITests.m */,
				FB7F43B91C4D37EF00DE1E89 /* Info.plist */,
			);
			path = "Solstice-ARUITests";
			sourceTree = "<group>";
		};
		FB7F43C51C4D399000DE1E89 /* Frameworks */ = {
			isa = PBXGroup;
			children = (
				FB7F44081C4D432100DE1E89 /* LayarSDK.framework */,
				FB7F44061C4D431200DE1E89 /* libMPOAuthMobile.a */,
				FB7F43FE1C4D3FFF00DE1E89 /* MapKit.framework */,
				FB7F43FC1C4D3FF800DE1E89 /* Social.framework */,
				FB7F43FA1C4D3FEF00DE1E89 /* AddressBookUI.framework */,
				FB7F43F81C4D3FE600DE1E89 /* AddressBook.framework */,
				FB7F43F61C4D3FD900DE1E89 /* UIKit.framework */,
				FB7F43F41C4D3FD100DE1E89 /* QuartzCore.framework */,
				FB7F43F21C4D3FC800DE1E89 /* Twitter.framework */,
				FB7F43F01C4D3FBE00DE1E89 /* SystemConfiguration.framework */,
				FB7F43EE1C4D3FB700DE1E89 /* Security.framework */,
				FB7F43EC1C4D3FAE00DE1E89 /* OpenGLES.framework */,
				FB7F43EA1C4D3FA500DE1E89 /* OpenAL.framework */,
				FB7F43E81C4D3F9D00DE1E89 /* MessageUI.framework */,
				FB7F43E61C4D3F9500DE1E89 /* MediaPlayer.framework */,
				FB7F43E41C4D3F8D00DE1E89 /* Foundation.framework */,
				FB7F43E21C4D3F8000DE1E89 /* CoreGraphics.framework */,
				FB7F43E01C4D3F7300DE1E89 /* CoreTelephony.framework */,
				FB7F43DE1C4D3F6A00DE1E89 /* CoreVideo.framework */,
				FB7F43DC1C4D3F6200DE1E89 /* CoreMotion.framework */,
				FB7F43DA1C4D3F5900DE1E89 /* CoreMedia.framework */,
				FB7F43D81C4D3F4E00DE1E89 /* CoreLocation.framework */,
				FB7F43D61C4D3F3E00DE1E89 /* CoreData.framework */,
				FB7F43D41C4D3F3600DE1E89 /* CoreAudio.framework */,
				FB7F43D21C4D3F2800DE1E89 /* CFNetwork.framework */,
				FB7F43D01C4D3F2100DE1E89 /* AVFoundation.framework */,
				FB7F43CE1C4D3F1A00DE1E89 /* AudioToolbox.framework */,
				FB7F43CC1C4D3F1300DE1E89 /* libxml2.tbd */,
				FB7F43CA1C4D3F0900DE1E89 /* libc++.tbd */,
				FB7F43C81C4D3EFA00DE1E89 /* libiconv.tbd */,
				FB7F43C61C4D3EED00DE1E89 /* libz.tbd */,
			);
			name = Frameworks;
			sourceTree = "<group>";
		};
/* End PBXGroup section */

/* Begin PBXNativeTarget section */
		FB7F438E1C4D37EF00DE1E89 /* Solstice-AR */ = {
			isa = PBXNativeTarget;
			buildConfigurationList = FB7F43BC1C4D37EF00DE1E89 /* Build configuration list for PBXNativeTarget "Solstice-AR" */;
			buildPhases = (
				FB7F438B1C4D37EF00DE1E89 /* Sources */,
				FB7F438C1C4D37EF00DE1E89 /* Frameworks */,
				FB7F438D1C4D37EF00DE1E89 /* Resources */,
			);
			buildRules = (
			);
			dependencies = (
			);
			name = "Solstice-AR";
			productName = "Solstice-AR";
			productReference = FB7F438F1C4D37EF00DE1E89 /* Solstice-AR.app */;
			productType = "com.apple.product-type.application";
		};
		FB7F43A71C4D37EF00DE1E89 /* Solstice-ARTests */ = {
			isa = PBXNativeTarget;
			buildConfigurationList = FB7F43BF1C4D37EF00DE1E89 /* Build configuration list for PBXNativeTarget "Solstice-ARTests" */;
			buildPhases = (
				FB7F43A41C4D37EF00DE1E89 /* Sources */,
				FB7F43A51C4D37EF00DE1E89 /* Frameworks */,
				FB7F43A61C4D37EF00DE1E89 /* Resources */,
			);
			buildRules = (
			);
			dependencies = (
				FB7F43AA1C4D37EF00DE1E89 /* PBXTargetDependency */,
			);
			name = "Solstice-ARTests";
			productName = "Solstice-ARTests";
			productReference = FB7F43A81C4D37EF00DE1E89 /* Solstice-ARTests.xctest */;
			productType = "com.apple.product-type.bundle.unit-test";
		};
		FB7F43B21C4D37EF00DE1E89 /* Solstice-ARUITests */ = {
			isa = PBXNativeTarget;
			buildConfigurationList = FB7F43C21C4D37EF00DE1E89 /* Build configuration list for PBXNativeTarget "Solstice-ARUITests" */;
			buildPhases = (
				FB7F43AF1C4D37EF00DE1E89 /* Sources */,
				FB7F43B01C4D37EF00DE1E89 /* Frameworks */,
				FB7F43B11C4D37EF00DE1E89 /* Resources */,
			);
			buildRules = (
			);
			dependencies = (
				FB7F43B51C4D37EF00DE1E89 /* PBXTargetDependency */,
			);
			name = "Solstice-ARUITests";
			productName = "Solstice-ARUITests";
			productReference = FB7F43B31C4D37EF00DE1E89 /* Solstice-ARUITests.xctest */;
			productType = "com.apple.product-type.bundle.ui-testing";
		};
/* End PBXNativeTarget section */

/* Begin PBXProject section */
		FB7F43871C4D37EF00DE1E89 /* Project object */ = {
			isa = PBXProject;
			attributes = {
				LastUpgradeCheck = 0720;
				ORGANIZATIONNAME = Solstice;
				TargetAttributes = {
					FB7F438E1C4D37EF00DE1E89 = {
						CreatedOnToolsVersion = 7.2;
					};
					FB7F43A71C4D37EF00DE1E89 = {
						CreatedOnToolsVersion = 7.2;
						TestTargetID = FB7F438E1C4D37EF00DE1E89;
					};
					FB7F43B21C4D37EF00DE1E89 = {
						CreatedOnToolsVersion = 7.2;
						TestTargetID = FB7F438E1C4D37EF00DE1E89;
					};
				};
			};
			buildConfigurationList = FB7F438A1C4D37EF00DE1E89 /* Build configuration list for PBXProject "Solstice-AR" */;
			compatibilityVersion = "Xcode 3.2";
			developmentRegion = English;
			hasScannedForEncodings = 0;
			knownRegions = (
				en,
				Base,
			);
			mainGroup = FB7F43861C4D37EF00DE1E89;
			productRefGroup = FB7F43901C4D37EF00DE1E89 /* Products */;
			projectDirPath = "";
			projectRoot = "";
			targets = (
				FB7F438E1C4D37EF00DE1E89 /* Solstice-AR */,
				FB7F43A71C4D37EF00DE1E89 /* Solstice-ARTests */,
				FB7F43B21C4D37EF00DE1E89 /* Solstice-ARUITests */,
			);
		};
/* End PBXProject section */

/* Begin PBXResourcesBuildPhase section */
		FB7F438D1C4D37EF00DE1E89 /* Resources */ = {
			isa = PBXResourcesBuildPhase;
			buildActionMask = 2147483647;
			files = (
				FB7F43A21C4D37EF00DE1E89 /* LaunchScreen.storyboard in Resources */,
				FB7F439F1C4D37EF00DE1E89 /* Assets.xcassets in Resources */,
				FB7F44051C4D416F00DE1E89 /* LayarSDKResources.bundle in Resources */,
				FB7F439D1C4D37EF00DE1E89 /* Main.storyboard in Resources */,
			);
			runOnlyForDeploymentPostprocessing = 0;
		};
		FB7F43A61C4D37EF00DE1E89 /* Resources */ = {
			isa = PBXResourcesBuildPhase;
			buildActionMask = 2147483647;
			files = (
			);
			runOnlyForDeploymentPostprocessing = 0;
		};
		FB7F43B11C4D37EF00DE1E89 /* Resources */ = {
			isa = PBXResourcesBuildPhase;
			buildActionMask = 2147483647;
			files = (
			);
			runOnlyForDeploymentPostprocessing = 0;
		};
/* End PBXResourcesBuildPhase section */

/* Begin PBXSourcesBuildPhase section */
		FB7F438B1C4D37EF00DE1E89 /* Sources */ = {
			isa = PBXSourcesBuildPhase;
			buildActionMask = 2147483647;
			files = (
				FB7F439A1C4D37EF00DE1E89 /* ViewController.m in Sources */,
				FB7F43971C4D37EF00DE1E89 /* AppDelegate.m in Sources */,
				FB7F43941C4D37EF00DE1E89 /* main.m in Sources */,
			);
			runOnlyForDeploymentPostprocessing = 0;
		};
		FB7F43A41C4D37EF00DE1E89 /* Sources */ = {
			isa = PBXSourcesBuildPhase;
			buildActionMask = 2147483647;
			files = (
				FB7F43AD1C4D37EF00DE1E89 /* Solstice_ARTests.m in Sources */,
			);
			runOnlyForDeploymentPostprocessing = 0;
		};
		FB7F43AF1C4D37EF00DE1E89 /* Sources */ = {
			isa = PBXSourcesBuildPhase;
			buildActionMask = 2147483647;
			files = (
				FB7F43B81C4D37EF00DE1E89 /* Solstice_ARUITests.m in Sources */,
			);
			runOnlyForDeploymentPostprocessing = 0;
		};
/* End PBXSourcesBuildPhase section */

/* Begin PBXTargetDependency section */
		FB7F43AA1C4D37EF00DE1E89 /* PBXTargetDependency */ = {
			isa = PBXTargetDependency;
			target = FB7F438E1C4D37EF00DE1E89 /* Solstice-AR */;
			targetProxy = FB7F43A91C4D37EF00DE1E89 /* PBXContainerItemProxy */;
		};
		FB7F43B51C4D37EF00DE1E89 /* PBXTargetDependency */ = {
			isa = PBXTargetDependency;
			target = FB7F438E1C4D37EF00DE1E89 /* Solstice-AR */;
			targetProxy = FB7F43B41C4D37EF00DE1E89 /* PBXContainerItemProxy */;
		};
/* End PBXTargetDependency section */

/* Begin PBXVariantGroup section */
		FB7F439B1C4D37EF00DE1E89 /* Main.storyboard */ = {
			isa = PBXVariantGroup;
			children = (
				FB7F439C1C4D37EF00DE1E89 /* Base */,
			);
			name = Main.storyboard;
			sourceTree = "<group>";
		};
		FB7F43A01C4D37EF00DE1E89 /* LaunchScreen.storyboard */ = {
			isa = PBXVariantGroup;
			children = (
				FB7F43A11C4D37EF00DE1E89 /* Base */,
			);
			name = LaunchScreen.storyboard;
			sourceTree = "<group>";
		};
/* End PBXVariantGroup section */

/* Begin XCBuildConfiguration section */
		FB7F43BA1C4D37EF00DE1E89 /* Debug */ = {
			isa = XCBuildConfiguration;
			buildSettings = {
				ALWAYS_SEARCH_USER_PATHS = NO;
				CLANG_CXX_LANGUAGE_STANDARD = "gnu++0x";
				CLANG_CXX_LIBRARY = "libc++";
				CLANG_ENABLE_MODULES = YES;
				CLANG_ENABLE_OBJC_ARC = YES;
				CLANG_WARN_BOOL_CONVERSION = YES;
				CLANG_WARN_CONSTANT_CONVERSION = YES;
				CLANG_WARN_DIRECT_OBJC_ISA_USAGE = YES_ERROR;
				CLANG_WARN_EMPTY_BODY = YES;
				CLANG_WARN_ENUM_CONVERSION = YES;
				CLANG_WARN_INT_CONVERSION = YES;
				CLANG_WARN_OBJC_ROOT_CLASS = YES_ERROR;
				CLANG_WARN_UNREACHABLE_CODE = YES;
				CLANG_WARN__DUPLICATE_METHOD_MATCH = YES;
				"CODE_SIGN_IDENTITY[sdk=iphoneos*]" = "iPhone Developer";
				COPY_PHASE_STRIP = NO;
				DEBUG_INFORMATION_FORMAT = dwarf;
				ENABLE_STRICT_OBJC_MSGSEND = YES;
				ENABLE_TESTABILITY = YES;
				GCC_C_LANGUAGE_STANDARD = gnu99;
				GCC_DYNAMIC_NO_PIC = NO;
				GCC_NO_COMMON_BLOCKS = YES;
				GCC_OPTIMIZATION_LEVEL = 0;
				GCC_PREPROCESSOR_DEFINITIONS = (
					"DEBUG=1",
					"$(inherited)",
				);
				GCC_WARN_64_TO_32_BIT_CONVERSION = YES;
				GCC_WARN_ABOUT_RETURN_TYPE = YES_ERROR;
				GCC_WARN_UNDECLARED_SELECTOR = YES;
				GCC_WARN_UNINITIALIZED_AUTOS = YES_AGGRESSIVE;
				GCC_WARN_UNUSED_FUNCTION = YES;
				GCC_WARN_UNUSED_VARIABLE = YES;
				IPHONEOS_DEPLOYMENT_TARGET = 9.2;
				MTL_ENABLE_DEBUG_INFO = YES;
				ONLY_ACTIVE_ARCH = YES;
				SDKROOT = iphoneos;
			};
			name = Debug;
		};
		FB7F43BB1C4D37EF00DE1E89 /* Release */ = {
			isa = XCBuildConfiguration;
			buildSettings = {
				ALWAYS_SEARCH_USER_PATHS = NO;
				CLANG_CXX_LANGUAGE_STANDARD = "gnu++0x";
				CLANG_CXX_LIBRARY = "libc++";
				CLANG_ENABLE_MODULES = YES;
				CLANG_ENABLE_OBJC_ARC = YES;
				CLANG_WARN_BOOL_CONVERSION = YES;
				CLANG_WARN_CONSTANT_CONVERSION = YES;
				CLANG_WARN_DIRECT_OBJC_ISA_USAGE = YES_ERROR;
				CLANG_WARN_EMPTY_BODY = YES;
				CLANG_WARN_ENUM_CONVERSION = YES;
				CLANG_WARN_INT_CONVERSION = YES;
				CLANG_WARN_OBJC_ROOT_CLASS = YES_ERROR;
				CLANG_WARN_UNREACHABLE_CODE = YES;
				CLANG_WARN__DUPLICATE_METHOD_MATCH = YES;
				"CODE_SIGN_IDENTITY[sdk=iphoneos*]" = "iPhone Developer";
				COPY_PHASE_STRIP = NO;
				DEBUG_INFORMATION_FORMAT = "dwarf-with-dsym";
				ENABLE_NS_ASSERTIONS = NO;
				ENABLE_STRICT_OBJC_MSGSEND = YES;
				GCC_C_LANGUAGE_STANDARD = gnu99;
				GCC_NO_COMMON_BLOCKS = YES;
				GCC_WARN_64_TO_32_BIT_CONVERSION = YES;
				GCC_WARN_ABOUT_RETURN_TYPE = YES_ERROR;
				GCC_WARN_UNDECLARED_SELECTOR = YES;
				GCC_WARN_UNINITIALIZED_AUTOS = YES_AGGRESSIVE;
				GCC_WARN_UNUSED_FUNCTION = YES;
				GCC_WARN_UNUSED_VARIABLE = YES;
				IPHONEOS_DEPLOYMENT_TARGET = 9.2;
				MTL_ENABLE_DEBUG_INFO = NO;
				SDKROOT = iphoneos;
				VALIDATE_PRODUCT = YES;
			};
			name = Release;
		};
		FB7F43BD1C4D37EF00DE1E89 /* Debug */ = {
			isa = XCBuildConfiguration;
			buildSettings = {
				ARCHS = "$(ARCHS_STANDARD)";
				ASSETCATALOG_COMPILER_APPICON_NAME = AppIcon;
				FRAMEWORK_SEARCH_PATHS = (
					"$(inherited)",
					"$(PROJECT_DIR)/Solstice-AR",
				);
				INFOPLIST_FILE = "Solstice-AR/Info.plist";
				LD_RUNPATH_SEARCH_PATHS = "$(inherited) @executable_path/Frameworks";
				LIBRARY_SEARCH_PATHS = (
					"$(inherited)",
					"$(PROJECT_DIR)/Solstice-AR",
				);
				OTHER_LDFLAGS = "-ObjC";
				PRODUCT_BUNDLE_IDENTIFIER = "com.Solstice.Solstice-AR";
				PRODUCT_NAME = "$(TARGET_NAME)";
			};
			name = Debug;
		};
		FB7F43BE1C4D37EF00DE1E89 /* Release */ = {
			isa = XCBuildConfiguration;
			buildSettings = {
				ARCHS = "$(ARCHS_STANDARD)";
				ASSETCATALOG_COMPILER_APPICON_NAME = AppIcon;
				FRAMEWORK_SEARCH_PATHS = (
					"$(inherited)",
					"$(PROJECT_DIR)/Solstice-AR",
				);
				INFOPLIST_FILE = "Solstice-AR/Info.plist";
				LD_RUNPATH_SEARCH_PATHS = "$(inherited) @executable_path/Frameworks";
				LIBRARY_SEARCH_PATHS = (
					"$(inherited)",
					"$(PROJECT_DIR)/Solstice-AR",
				);
				OTHER_LDFLAGS = "-ObjC";
				PRODUCT_BUNDLE_IDENTIFIER = "com.Solstice.Solstice-AR";
				PRODUCT_NAME = "$(TARGET_NAME)";
			};
			name = Release;
		};
		FB7F43C01C4D37EF00DE1E89 /* Debug */ = {
			isa = XCBuildConfiguration;
			buildSettings = {
				BUNDLE_LOADER = "$(TEST_HOST)";
				INFOPLIST_FILE = "Solstice-ARTests/Info.plist";
				LD_RUNPATH_SEARCH_PATHS = "$(inherited) @executable_path/Frameworks @loader_path/Frameworks";
				PRODUCT_BUNDLE_IDENTIFIER = "com.Solstice.Solstice-ARTests";
				PRODUCT_NAME = "$(TARGET_NAME)";
				TEST_HOST = "$(BUILT_PRODUCTS_DIR)/Solstice-AR.app/Solstice-AR";
			};
			name = Debug;
		};
		FB7F43C11C4D37EF00DE1E89 /* Release */ = {
			isa = XCBuildConfiguration;
			buildSettings = {
				BUNDLE_LOADER = "$(TEST_HOST)";
				INFOPLIST_FILE = "Solstice-ARTests/Info.plist";
				LD_RUNPATH_SEARCH_PATHS = "$(inherited) @executable_path/Frameworks @loader_path/Frameworks";
				PRODUCT_BUNDLE_IDENTIFIER = "com.Solstice.Solstice-ARTests";
				PRODUCT_NAME = "$(TARGET_NAME)";
				TEST_HOST = "$(BUILT_PRODUCTS_DIR)/Solstice-AR.app/Solstice-AR";
			};
			name = Release;
		};
		FB7F43C31C4D37EF00DE1E89 /* Debug */ = {
			isa = XCBuildConfiguration;
			buildSettings = {
				INFOPLIST_FILE = "Solstice-ARUITests/Info.plist";
				LD_RUNPATH_SEARCH_PATHS = "$(inherited) @executable_path/Frameworks @loader_path/Frameworks";
				PRODUCT_BUNDLE_IDENTIFIER = "com.Solstice.Solstice-ARUITests";
				PRODUCT_NAME = "$(TARGET_NAME)";
				TEST_TARGET_NAME = "Solstice-AR";
				USES_XCTRUNNER = YES;
			};
			name = Debug;
		};
		FB7F43C41C4D37EF00DE1E89 /* Release */ = {
			isa = XCBuildConfiguration;
			buildSettings = {
				INFOPLIST_FILE = "Solstice-ARUITests/Info.plist";
				LD_RUNPATH_SEARCH_PATHS = "$(inherited) @executable_path/Frameworks @loader_path/Frameworks";
				PRODUCT_BUNDLE_IDENTIFIER = "com.Solstice.Solstice-ARUITests";
				PRODUCT_NAME = "$(TARGET_NAME)";
				TEST_TARGET_NAME = "Solstice-AR";
				USES_XCTRUNNER = YES;
			};
			name = Release;
		};
/* End XCBuildConfiguration section */

/* Begin XCConfigurationList section */
		FB7F438A1C4D37EF00DE1E89 /* Build configuration list for PBXProject "Solstice-AR" */ = {
			isa = XCConfigurationList;
			buildConfigurations = (
				FB7F43BA1C4D37EF00DE1E89 /* Debug */,
				FB7F43BB1C4D37EF00DE1E89 /* Release */,
			);
			defaultConfigurationIsVisible = 0;
			defaultConfigurationName = Release;
		};
		FB7F43BC1C4D37EF00DE1E89 /* Build configuration list for PBXNativeTarget "Solstice-AR" */ = {
			isa = XCConfigurationList;
			buildConfigurations = (
				FB7F43BD1C4D37EF00DE1E89 /* Debug */,
				FB7F43BE1C4D37EF00DE1E89 /* Release */,
			);
			defaultConfigurationIsVisible = 0;
		};
		FB7F43BF1C4D37EF00DE1E89 /* Build configuration list for PBXNativeTarget "Solstice-ARTests" */ = {
			isa = XCConfigurationList;
			buildConfigurations = (
				FB7F43C01C4D37EF00DE1E89 /* Debug */,
				FB7F43C11C4D37EF00DE1E89 /* Release */,
			);
			defaultConfigurationIsVisible = 0;
		};
		FB7F43C21C4D37EF00DE1E89 /* Build configuration list for PBXNativeTarget "Solstice-ARUITests" */ = {
			isa = XCConfigurationList;
			buildConfigurations = (
				FB7F43C31C4D37EF00DE1E89 /* Debug */,
				FB7F43C41C4D37EF00DE1E89 /* Release */,
			);
			defaultConfigurationIsVisible = 0;
		};
/* End XCConfigurationList section */
	};
	rootObject = FB7F43871C4D37EF00DE1E89 /* Project object */;
}
